
Microsoft Visual Studio Solution File, Format Version 12.00
# Visual Studio Version 17
VisualStudioVersion = 17.14.36310.24 d17.14
MinimumVisualStudioVersion = 10.0.40219.1
Project("{FAE04EC0-301F-11D3-BF4B-00C04F79EFBC}") = "ProductRestApi", "ProductRestApi.csproj", "{776D66C7-5BCA-4E6A-9DAC-F076D273903A}"
EndProject
Global
	GlobalSection(SolutionConfigurationPlatforms) = preSolution
		Debug|Any CPU = Debug|Any CPU
		Release|Any CPU = Release|Any CPU
	EndGlobalSection
	GlobalSection(ProjectConfigurationPlatforms) = postSolution
		{776D66C7-5BCA-4E6A-9DAC-F076D273903A}.Debug|Any CPU.ActiveCfg = Debug|Any CPU
		{776D66C7-5BCA-4E6A-9DAC-F076D273903A}.Debug|Any CPU.Build.0 = Debug|Any CPU
		{776D66C7-5BCA-4E6A-9DAC-F076D273903A}.Release|Any CPU.ActiveCfg = Release|Any CPU
		{776D66C7-5BCA-4E6A-9DAC-F076D273903A}.Release|Any CPU.Build.0 = Release|Any CPU
	EndGlobalSection
	GlobalSection(SolutionProperties) = preSolution
		HideSolutionNode = FALSE
	EndGlobalSection
	GlobalSection(ExtensibilityGlobals) = postSolution
		SolutionGuid = {CB3C2192-14C9-47EC-BE53-61422B095715}
	EndGlobalSection
EndGlobal
