
Microsoft Visual Studio Solution File, Format Version 12.00
# Visual Studio Version 17
VisualStudioVersion = 17.14.36310.24 d17.14
MinimumVisualStudioVersion = 10.0.40219.1
Project("{FAE04EC0-301F-11D3-BF4B-00C04F79EFBC}") = "ApiMachineLearning", "ApiMachineLearning.csproj", "{730163FF-EE53-4603-A2FC-1840EF6B1899}"
EndProject
Global
	GlobalSection(SolutionConfigurationPlatforms) = preSolution
		Debug|Any CPU = Debug|Any CPU
		Release|Any CPU = Release|Any CPU
	EndGlobalSection
	GlobalSection(ProjectConfigurationPlatforms) = postSolution
		{730163FF-EE53-4603-A2FC-1840EF6B1899}.Debug|Any CPU.ActiveCfg = Debug|Any CPU
		{730163FF-EE53-4603-A2FC-1840EF6B1899}.Debug|Any CPU.Build.0 = Debug|Any CPU
		{730163FF-EE53-4603-A2FC-1840EF6B1899}.Release|Any CPU.ActiveCfg = Release|Any CPU
		{730163FF-EE53-4603-A2FC-1840EF6B1899}.Release|Any CPU.Build.0 = Release|Any CPU
	EndGlobalSection
	GlobalSection(SolutionProperties) = preSolution
		HideSolutionNode = FALSE
	EndGlobalSection
	GlobalSection(ExtensibilityGlobals) = postSolution
		SolutionGuid = {CF6C3A76-AC2F-40F1-B5F5-87964DB136C8}
	EndGlobalSection
EndGlobal
